
Microsoft Visual Studio Solution File, Format Version 12.00
# Visual Studio Version 17
VisualStudioVersion = 17.9.34728.123
MinimumVisualStudioVersion = 10.0.40219.1
Project("{9A19103F-16F7-4668-BE54-9A1E7A4F7556}") = "emploTask1", "emploTask1.csproj", "{E0072A5D-17C9-4471-AA4D-BBFE2B85FE9F}"
EndProject
Project("{FAE04EC0-301F-11D3-BF4B-00C04F79EFBC}") = "emploTask2-5", "..\emploTask2\emploTask2-5.csproj", "{3E51036D-2CDE-4CE3-9F96-6D4C4F82565D}"
EndProject
Project("{FAE04EC0-301F-11D3-BF4B-00C04F79EFBC}") = "emploTask2-5.Tests", "..\emploTask2.Tests\emploTask2-5.Tests.csproj", "{789CF080-C87F-4F7D-A45D-72F6F8284DFB}"
EndProject
Global
	GlobalSection(SolutionConfigurationPlatforms) = preSolution
		Debug|Any CPU = Debug|Any CPU
		Release|Any CPU = Release|Any CPU
	EndGlobalSection
	GlobalSection(ProjectConfigurationPlatforms) = postSolution
		{E0072A5D-17C9-4471-AA4D-BBFE2B85FE9F}.Debug|Any CPU.ActiveCfg = Debug|Any CPU
		{E0072A5D-17C9-4471-AA4D-BBFE2B85FE9F}.Debug|Any CPU.Build.0 = Debug|Any CPU
		{E0072A5D-17C9-4471-AA4D-BBFE2B85FE9F}.Release|Any CPU.ActiveCfg = Release|Any CPU
		{E0072A5D-17C9-4471-AA4D-BBFE2B85FE9F}.Release|Any CPU.Build.0 = Release|Any CPU
		{3E51036D-2CDE-4CE3-9F96-6D4C4F82565D}.Debug|Any CPU.ActiveCfg = Debug|Any CPU
		{3E51036D-2CDE-4CE3-9F96-6D4C4F82565D}.Debug|Any CPU.Build.0 = Debug|Any CPU
		{3E51036D-2CDE-4CE3-9F96-6D4C4F82565D}.Release|Any CPU.ActiveCfg = Release|Any CPU
		{3E51036D-2CDE-4CE3-9F96-6D4C4F82565D}.Release|Any CPU.Build.0 = Release|Any CPU
		{789CF080-C87F-4F7D-A45D-72F6F8284DFB}.Debug|Any CPU.ActiveCfg = Debug|Any CPU
		{789CF080-C87F-4F7D-A45D-72F6F8284DFB}.Debug|Any CPU.Build.0 = Debug|Any CPU
		{789CF080-C87F-4F7D-A45D-72F6F8284DFB}.Release|Any CPU.ActiveCfg = Release|Any CPU
		{789CF080-C87F-4F7D-A45D-72F6F8284DFB}.Release|Any CPU.Build.0 = Release|Any CPU
	EndGlobalSection
	GlobalSection(SolutionProperties) = preSolution
		HideSolutionNode = FALSE
	EndGlobalSection
	GlobalSection(ExtensibilityGlobals) = postSolution
		SolutionGuid = {1991E68B-C0DF-40AC-907E-63789E69A4E7}
	EndGlobalSection
EndGlobal
